
Microsoft Visual Studio Solution File, Format Version 12.00
Project("{FAE04EC0-301F-11D3-BF4B-00C04F79EFBC}") = "MyGraphQlServer", "MyGraphQlServer\MyGraphQlServer.csproj", "{BDA81A38-AF89-4EC0-91C3-73D0B85DA3F2}"
EndProject
Project("{FAE04EC0-301F-11D3-BF4B-00C04F79EFBC}") = "Orders", "Orders\Orders.csproj", "{59C54B0D-E436-46EA-99AD-053C05A1C7C6}"
EndProject
Global
	GlobalSection(SolutionConfigurationPlatforms) = preSolution
		Debug|Any CPU = Debug|Any CPU
		Release|Any CPU = Release|Any CPU
	EndGlobalSection
	GlobalSection(ProjectConfigurationPlatforms) = postSolution
		{BDA81A38-AF89-4EC0-91C3-73D0B85DA3F2}.Debug|Any CPU.ActiveCfg = Debug|Any CPU
		{BDA81A38-AF89-4EC0-91C3-73D0B85DA3F2}.Debug|Any CPU.Build.0 = Debug|Any CPU
		{BDA81A38-AF89-4EC0-91C3-73D0B85DA3F2}.Release|Any CPU.ActiveCfg = Release|Any CPU
		{BDA81A38-AF89-4EC0-91C3-73D0B85DA3F2}.Release|Any CPU.Build.0 = Release|Any CPU
		{59C54B0D-E436-46EA-99AD-053C05A1C7C6}.Debug|Any CPU.ActiveCfg = Debug|Any CPU
		{59C54B0D-E436-46EA-99AD-053C05A1C7C6}.Debug|Any CPU.Build.0 = Debug|Any CPU
		{59C54B0D-E436-46EA-99AD-053C05A1C7C6}.Release|Any CPU.ActiveCfg = Release|Any CPU
		{59C54B0D-E436-46EA-99AD-053C05A1C7C6}.Release|Any CPU.Build.0 = Release|Any CPU
	EndGlobalSection
EndGlobal
